
Microsoft Visual Studio Solution File, Format Version 12.00
# Visual Studio 15
VisualStudioVersion = 15.0.27130.0
MinimumVisualStudioVersion = 10.0.40219.1
Project("{FAE04EC0-301F-11D3-BF4B-00C04F79EFBC}") = "Approach1", "Approach1\Approach1.csproj", "{826C9B96-BA59-4CEA-8F33-4280FC59DA91}"
EndProject
Global
	GlobalSection(SolutionConfigurationPlatforms) = preSolution
		Debug|Any CPU = Debug|Any CPU
		Release|Any CPU = Release|Any CPU
	EndGlobalSection
	GlobalSection(ProjectConfigurationPlatforms) = postSolution
		{826C9B96-BA59-4CEA-8F33-4280FC59DA91}.Debug|Any CPU.ActiveCfg = Debug|Any CPU
		{826C9B96-BA59-4CEA-8F33-4280FC59DA91}.Debug|Any CPU.Build.0 = Debug|Any CPU
		{826C9B96-BA59-4CEA-8F33-4280FC59DA91}.Release|Any CPU.ActiveCfg = Release|Any CPU
		{826C9B96-BA59-4CEA-8F33-4280FC59DA91}.Release|Any CPU.Build.0 = Release|Any CPU
	EndGlobalSection
	GlobalSection(SolutionProperties) = preSolution
		HideSolutionNode = FALSE
	EndGlobalSection
	GlobalSection(ExtensibilityGlobals) = postSolution
		SolutionGuid = {FD9641AB-A325-4913-99A0-0E21A52FEE7B}
	EndGlobalSection
EndGlobal
